
Microsoft Visual Studio Solution File, Format Version 12.00
# Visual Studio 15
VisualStudioVersion = 15.0.27130.2024
MinimumVisualStudioVersion = 10.0.40219.1
Project("{FAE04EC0-301F-11D3-BF4B-00C04F79EFBC}") = "Task1", "Task1\Task1.csproj", "{0A6FE736-AEAF-436F-89D7-7297C436E081}"
EndProject
Project("{FAE04EC0-301F-11D3-BF4B-00C04F79EFBC}") = "Task2", "Task2\Task2.csproj", "{C028CFE4-1022-4A53-8521-A1EA23DEB7F8}"
EndProject
Project("{FAE04EC0-301F-11D3-BF4B-00C04F79EFBC}") = "Task3", "Task3\Task3.csproj", "{FB829A1B-9218-4A43-AF1C-A467E01CC7E7}"
EndProject
Project("{FAE04EC0-301F-11D3-BF4B-00C04F79EFBC}") = "Task4", "Task4\Task4.csproj", "{CCBACACB-04AD-4768-AF81-B99BF081957E}"
EndProject
Project("{FAE04EC0-301F-11D3-BF4B-00C04F79EFBC}") = "Task5", "Task5\Task5.csproj", "{F3DB4EC4-7012-4695-8046-F284D84DA782}"
EndProject
Project("{FAE04EC0-301F-11D3-BF4B-00C04F79EFBC}") = "2Task1", "2Task1\2Task1.csproj", "{6BA414A9-6F53-4401-B30A-638CB9E09C82}"
EndProject
Project("{FAE04EC0-301F-11D3-BF4B-00C04F79EFBC}") = "2Task2", "2Task2\2Task2.csproj", "{C45EA65D-8DB5-4B1B-B513-D3DE0FDD2FB5}"
EndProject
Project("{FAE04EC0-301F-11D3-BF4B-00C04F79EFBC}") = "2Task4", "2Task4\2Task4.csproj", "{DD49B111-FC2E-46C8-B114-13557F80223C}"
EndProject
Project("{FAE04EC0-301F-11D3-BF4B-00C04F79EFBC}") = "2Task3", "2Task3\2Task3.csproj", "{638D3D9F-23F5-46B8-B9D0-2183FE958E4C}"
EndProject
Global
	GlobalSection(SolutionConfigurationPlatforms) = preSolution
		Debug|Any CPU = Debug|Any CPU
		Release|Any CPU = Release|Any CPU
	EndGlobalSection
	GlobalSection(ProjectConfigurationPlatforms) = postSolution
		{0A6FE736-AEAF-436F-89D7-7297C436E081}.Debug|Any CPU.ActiveCfg = Debug|Any CPU
		{0A6FE736-AEAF-436F-89D7-7297C436E081}.Debug|Any CPU.Build.0 = Debug|Any CPU
		{0A6FE736-AEAF-436F-89D7-7297C436E081}.Release|Any CPU.ActiveCfg = Release|Any CPU
		{0A6FE736-AEAF-436F-89D7-7297C436E081}.Release|Any CPU.Build.0 = Release|Any CPU
		{C028CFE4-1022-4A53-8521-A1EA23DEB7F8}.Debug|Any CPU.ActiveCfg = Debug|Any CPU
		{C028CFE4-1022-4A53-8521-A1EA23DEB7F8}.Debug|Any CPU.Build.0 = Debug|Any CPU
		{C028CFE4-1022-4A53-8521-A1EA23DEB7F8}.Release|Any CPU.ActiveCfg = Release|Any CPU
		{C028CFE4-1022-4A53-8521-A1EA23DEB7F8}.Release|Any CPU.Build.0 = Release|Any CPU
		{FB829A1B-9218-4A43-AF1C-A467E01CC7E7}.Debug|Any CPU.ActiveCfg = Debug|Any CPU
		{FB829A1B-9218-4A43-AF1C-A467E01CC7E7}.Debug|Any CPU.Build.0 = Debug|Any CPU
		{FB829A1B-9218-4A43-AF1C-A467E01CC7E7}.Release|Any CPU.ActiveCfg = Release|Any CPU
		{FB829A1B-9218-4A43-AF1C-A467E01CC7E7}.Release|Any CPU.Build.0 = Release|Any CPU
		{CCBACACB-04AD-4768-AF81-B99BF081957E}.Debug|Any CPU.ActiveCfg = Debug|Any CPU
		{CCBACACB-04AD-4768-AF81-B99BF081957E}.Debug|Any CPU.Build.0 = Debug|Any CPU
		{CCBACACB-04AD-4768-AF81-B99BF081957E}.Release|Any CPU.ActiveCfg = Release|Any CPU
		{CCBACACB-04AD-4768-AF81-B99BF081957E}.Release|Any CPU.Build.0 = Release|Any CPU
		{F3DB4EC4-7012-4695-8046-F284D84DA782}.Debug|Any CPU.ActiveCfg = Debug|Any CPU
		{F3DB4EC4-7012-4695-8046-F284D84DA782}.Debug|Any CPU.Build.0 = Debug|Any CPU
		{F3DB4EC4-7012-4695-8046-F284D84DA782}.Release|Any CPU.ActiveCfg = Release|Any CPU
		{F3DB4EC4-7012-4695-8046-F284D84DA782}.Release|Any CPU.Build.0 = Release|Any CPU
		{6BA414A9-6F53-4401-B30A-638CB9E09C82}.Debug|Any CPU.ActiveCfg = Debug|Any CPU
		{6BA414A9-6F53-4401-B30A-638CB9E09C82}.Debug|Any CPU.Build.0 = Debug|Any CPU
		{6BA414A9-6F53-4401-B30A-638CB9E09C82}.Release|Any CPU.ActiveCfg = Release|Any CPU
		{6BA414A9-6F53-4401-B30A-638CB9E09C82}.Release|Any CPU.Build.0 = Release|Any CPU
		{C45EA65D-8DB5-4B1B-B513-D3DE0FDD2FB5}.Debug|Any CPU.ActiveCfg = Debug|Any CPU
		{C45EA65D-8DB5-4B1B-B513-D3DE0FDD2FB5}.Debug|Any CPU.Build.0 = Debug|Any CPU
		{C45EA65D-8DB5-4B1B-B513-D3DE0FDD2FB5}.Release|Any CPU.ActiveCfg = Release|Any CPU
		{C45EA65D-8DB5-4B1B-B513-D3DE0FDD2FB5}.Release|Any CPU.Build.0 = Release|Any CPU
		{DD49B111-FC2E-46C8-B114-13557F80223C}.Debug|Any CPU.ActiveCfg = Debug|Any CPU
		{DD49B111-FC2E-46C8-B114-13557F80223C}.Debug|Any CPU.Build.0 = Debug|Any CPU
		{DD49B111-FC2E-46C8-B114-13557F80223C}.Release|Any CPU.ActiveCfg = Release|Any CPU
		{DD49B111-FC2E-46C8-B114-13557F80223C}.Release|Any CPU.Build.0 = Release|Any CPU
		{638D3D9F-23F5-46B8-B9D0-2183FE958E4C}.Debug|Any CPU.ActiveCfg = Debug|Any CPU
		{638D3D9F-23F5-46B8-B9D0-2183FE958E4C}.Debug|Any CPU.Build.0 = Debug|Any CPU
		{638D3D9F-23F5-46B8-B9D0-2183FE958E4C}.Release|Any CPU.ActiveCfg = Release|Any CPU
		{638D3D9F-23F5-46B8-B9D0-2183FE958E4C}.Release|Any CPU.Build.0 = Release|Any CPU
	EndGlobalSection
	GlobalSection(SolutionProperties) = preSolution
		HideSolutionNode = FALSE
	EndGlobalSection
	GlobalSection(ExtensibilityGlobals) = postSolution
		SolutionGuid = {655CD9E0-9FC0-468E-BA62-C328665144AC}
	EndGlobalSection
EndGlobal
